// !$*UTF8*$!
{
	archiveVersion = 1;
	classes = {
	};
	objectVersion = 46;
	objects = {

/* Begin PBXBuildFile section */
		4F25DF641D4A7C8B00E5446E /* AppDelegate.swift in Sources */ = {isa = PBXBuildFile; fileRef = 4F25DF631D4A7C8B00E5446E /* AppDelegate.swift */; };
		4F25DF661D4A7C8B00E5446E /* ViewController.swift in Sources */ = {isa = PBXBuildFile; fileRef = 4F25DF651D4A7C8B00E5446E /* ViewController.swift */; };
		4F25DF691D4A7C8B00E5446E /* Main.storyboard in Resources */ = {isa = PBXBuildFile; fileRef = 4F25DF671D4A7C8B00E5446E /* Main.storyboard */; };
		4F25DF6B1D4A7C8B00E5446E /* Assets.xcassets in Resources */ = {isa = PBXBuildFile; fileRef = 4F25DF6A1D4A7C8B00E5446E /* Assets.xcassets */; };
		4F25DF6E1D4A7C8B00E5446E /* LaunchScreen.storyboard in Resources */ = {isa = PBXBuildFile; fileRef = 4F25DF6C1D4A7C8B00E5446E /* LaunchScreen.storyboard */; };
		4F25DF791D4A7C8B00E5446E /* SkopelosTests.swift in Sources */ = {isa = PBXBuildFile; fileRef = 4F25DF781D4A7C8B00E5446E /* SkopelosTests.swift */; };
		4F25DF971D4D4DD400E5446E /* SkopelosClient.swift in Sources */ = {isa = PBXBuildFile; fileRef = 4F25DF961D4D4DD400E5446E /* SkopelosClient.swift */; };
		4F25DFA81D4D531900E5446E /* User+CoreDataProperties.swift in Sources */ = {isa = PBXBuildFile; fileRef = 4F25DFA41D4D531900E5446E /* User+CoreDataProperties.swift */; };
		4F25DFA91D4D531900E5446E /* User.swift in Sources */ = {isa = PBXBuildFile; fileRef = 4F25DFA51D4D531900E5446E /* User.swift */; };
		4F25DFAA1D4D531900E5446E /* Pet+CoreDataProperties.swift in Sources */ = {isa = PBXBuildFile; fileRef = 4F25DFA61D4D531900E5446E /* Pet+CoreDataProperties.swift */; };
		4F25DFAB1D4D531900E5446E /* Pet.swift in Sources */ = {isa = PBXBuildFile; fileRef = 4F25DFA71D4D531900E5446E /* Pet.swift */; };
		4F25DFB31D4D562A00E5446E /* DataModel.xcdatamodeld in Sources */ = {isa = PBXBuildFile; fileRef = 4F25DFB11D4D562A00E5446E /* DataModel.xcdatamodeld */; };
		4F401D4E1D4EA2F600635945 /* AppStateReactor.swift in Sources */ = {isa = PBXBuildFile; fileRef = 4F401D401D4EA2F600635945 /* AppStateReactor.swift */; };
		4F401D501D4EA2F600635945 /* CoreDataStack.swift in Sources */ = {isa = PBXBuildFile; fileRef = 4F401D421D4EA2F600635945 /* CoreDataStack.swift */; };
		4F401D511D4EA2F600635945 /* DALService.swift in Sources */ = {isa = PBXBuildFile; fileRef = 4F401D431D4EA2F600635945 /* DALService.swift */; };
		4F401D531D4EA2F600635945 /* NSManagedObject+Skopelos.swift in Sources */ = {isa = PBXBuildFile; fileRef = 4F401D461D4EA2F600635945 /* NSManagedObject+Skopelos.swift */; };
		4F401D541D4EA2F600635945 /* NSObject+Introspection.swift in Sources */ = {isa = PBXBuildFile; fileRef = 4F401D471D4EA2F600635945 /* NSObject+Introspection.swift */; };
		4F401D551D4EA2F600635945 /* CommandModelProtocol.swift in Sources */ = {isa = PBXBuildFile; fileRef = 4F401D491D4EA2F600635945 /* CommandModelProtocol.swift */; };
		4F401D561D4EA2F600635945 /* CoreDataStackProtocol.swift in Sources */ = {isa = PBXBuildFile; fileRef = 4F401D4A1D4EA2F600635945 /* CoreDataStackProtocol.swift */; };
		4F401D571D4EA2F600635945 /* DALProtocol.swift in Sources */ = {isa = PBXBuildFile; fileRef = 4F401D4B1D4EA2F600635945 /* DALProtocol.swift */; };
		4F401D581D4EA2F600635945 /* QueryModelProtocol.swift in Sources */ = {isa = PBXBuildFile; fileRef = 4F401D4C1D4EA2F600635945 /* QueryModelProtocol.swift */; };
		4F401D591D4EA2F600635945 /* Skopelos.swift in Sources */ = {isa = PBXBuildFile; fileRef = 4F401D4D1D4EA2F600635945 /* Skopelos.swift */; };
		4F401D5B1D4EA4B100635945 /* String+Bool.swift in Sources */ = {isa = PBXBuildFile; fileRef = 4F401D5A1D4EA4B100635945 /* String+Bool.swift */; };
		4F401D5D1D4FDEB200635945 /* NSManagedObject_SkopelosTests.swift in Sources */ = {isa = PBXBuildFile; fileRef = 4F401D5C1D4FDEB200635945 /* NSManagedObject_SkopelosTests.swift */; };
/* End PBXBuildFile section */

/* Begin PBXContainerItemProxy section */
		4F25DF751D4A7C8B00E5446E /* PBXContainerItemProxy */ = {
			isa = PBXContainerItemProxy;
			containerPortal = 4F25DF581D4A7C8B00E5446E /* Project object */;
			proxyType = 1;
			remoteGlobalIDString = 4F25DF5F1D4A7C8B00E5446E;
			remoteInfo = Skopelos;
		};
/* End PBXContainerItemProxy section */

/* Begin PBXFileReference section */
		4F116E1B1D5A7C450028FA94 /* Skopelos.podspec */ = {isa = PBXFileReference; lastKnownFileType = text; path = Skopelos.podspec; sourceTree = "<group>"; };
		4F25DF601D4A7C8B00E5446E /* Skopelos.app */ = {isa = PBXFileReference; explicitFileType = wrapper.application; includeInIndex = 0; path = Skopelos.app; sourceTree = BUILT_PRODUCTS_DIR; };
		4F25DF631D4A7C8B00E5446E /* AppDelegate.swift */ = {isa = PBXFileReference; lastKnownFileType = sourcecode.swift; path = AppDelegate.swift; sourceTree = "<group>"; };
		4F25DF651D4A7C8B00E5446E /* ViewController.swift */ = {isa = PBXFileReference; lastKnownFileType = sourcecode.swift; path = ViewController.swift; sourceTree = "<group>"; };
		4F25DF681D4A7C8B00E5446E /* Base */ = {isa = PBXFileReference; lastKnownFileType = file.storyboard; name = Base; path = Base.lproj/Main.storyboard; sourceTree = "<group>"; };
		4F25DF6A1D4A7C8B00E5446E /* Assets.xcassets */ = {isa = PBXFileReference; lastKnownFileType = folder.assetcatalog; path = Assets.xcassets; sourceTree = "<group>"; };
		4F25DF6D1D4A7C8B00E5446E /* Base */ = {isa = PBXFileReference; lastKnownFileType = file.storyboard; name = Base; path = Base.lproj/LaunchScreen.storyboard; sourceTree = "<group>"; };
		4F25DF6F1D4A7C8B00E5446E /* Info.plist */ = {isa = PBXFileReference; lastKnownFileType = text.plist.xml; path = Info.plist; sourceTree = "<group>"; };
		4F25DF741D4A7C8B00E5446E /* SkopelosTests.xctest */ = {isa = PBXFileReference; explicitFileType = wrapper.cfbundle; includeInIndex = 0; path = SkopelosTests.xctest; sourceTree = BUILT_PRODUCTS_DIR; };
		4F25DF781D4A7C8B00E5446E /* SkopelosTests.swift */ = {isa = PBXFileReference; lastKnownFileType = sourcecode.swift; path = SkopelosTests.swift; sourceTree = "<group>"; };
		4F25DF7A1D4A7C8B00E5446E /* Info.plist */ = {isa = PBXFileReference; lastKnownFileType = text.plist.xml; path = Info.plist; sourceTree = "<group>"; };
		4F25DF961D4D4DD400E5446E /* SkopelosClient.swift */ = {isa = PBXFileReference; fileEncoding = 4; lastKnownFileType = sourcecode.swift; path = SkopelosClient.swift; sourceTree = "<group>"; };
		4F25DFA41D4D531900E5446E /* User+CoreDataProperties.swift */ = {isa = PBXFileReference; fileEncoding = 4; lastKnownFileType = sourcecode.swift; name = "User+CoreDataProperties.swift"; path = "Skopelos/Model/User+CoreDataProperties.swift"; sourceTree = "<group>"; };
		4F25DFA51D4D531900E5446E /* User.swift */ = {isa = PBXFileReference; fileEncoding = 4; lastKnownFileType = sourcecode.swift; name = User.swift; path = Skopelos/Model/User.swift; sourceTree = "<group>"; };
		4F25DFA61D4D531900E5446E /* Pet+CoreDataProperties.swift */ = {isa = PBXFileReference; fileEncoding = 4; lastKnownFileType = sourcecode.swift; name = "Pet+CoreDataProperties.swift"; path = "Skopelos/Model/Pet+CoreDataProperties.swift"; sourceTree = "<group>"; };
		4F25DFA71D4D531900E5446E /* Pet.swift */ = {isa = PBXFileReference; fileEncoding = 4; lastKnownFileType = sourcecode.swift; name = Pet.swift; path = Skopelos/Model/Pet.swift; sourceTree = "<group>"; };
		4F25DFB21D4D562A00E5446E /* DataModel.xcdatamodel */ = {isa = PBXFileReference; lastKnownFileType = wrapper.xcdatamodel; path = DataModel.xcdatamodel; sourceTree = "<group>"; };
		4F401D3C1D4E811000635945 /* README.md */ = {isa = PBXFileReference; fileEncoding = 4; lastKnownFileType = net.daringfireball.markdown; path = README.md; sourceTree = "<group>"; };
		4F401D401D4EA2F600635945 /* AppStateReactor.swift */ = {isa = PBXFileReference; fileEncoding = 4; lastKnownFileType = sourcecode.swift; path = AppStateReactor.swift; sourceTree = "<group>"; };
		4F401D421D4EA2F600635945 /* CoreDataStack.swift */ = {isa = PBXFileReference; fileEncoding = 4; lastKnownFileType = sourcecode.swift; path = CoreDataStack.swift; sourceTree = "<group>"; };
		4F401D431D4EA2F600635945 /* DALService.swift */ = {isa = PBXFileReference; fileEncoding = 4; lastKnownFileType = sourcecode.swift; path = DALService.swift; sourceTree = "<group>"; };
		4F401D461D4EA2F600635945 /* NSManagedObject+Skopelos.swift */ = {isa = PBXFileReference; fileEncoding = 4; lastKnownFileType = sourcecode.swift; path = "NSManagedObject+Skopelos.swift"; sourceTree = "<group>"; };
		4F401D471D4EA2F600635945 /* NSObject+Introspection.swift */ = {isa = PBXFileReference; fileEncoding = 4; lastKnownFileType = sourcecode.swift; path = "NSObject+Introspection.swift"; sourceTree = "<group>"; };
		4F401D491D4EA2F600635945 /* CommandModelProtocol.swift */ = {isa = PBXFileReference; fileEncoding = 4; lastKnownFileType = sourcecode.swift; path = CommandModelProtocol.swift; sourceTree = "<group>"; };
		4F401D4A1D4EA2F600635945 /* CoreDataStackProtocol.swift */ = {isa = PBXFileReference; fileEncoding = 4; lastKnownFileType = sourcecode.swift; path = CoreDataStackProtocol.swift; sourceTree = "<group>"; };
		4F401D4B1D4EA2F600635945 /* DALProtocol.swift */ = {isa = PBXFileReference; fileEncoding = 4; lastKnownFileType = sourcecode.swift; path = DALProtocol.swift; sourceTree = "<group>"; };
		4F401D4C1D4EA2F600635945 /* QueryModelProtocol.swift */ = {isa = PBXFileReference; fileEncoding = 4; lastKnownFileType = sourcecode.swift; path = QueryModelProtocol.swift; sourceTree = "<group>"; };
		4F401D4D1D4EA2F600635945 /* Skopelos.swift */ = {isa = PBXFileReference; fileEncoding = 4; lastKnownFileType = sourcecode.swift; path = Skopelos.swift; sourceTree = "<group>"; };
		4F401D5A1D4EA4B100635945 /* String+Bool.swift */ = {isa = PBXFileReference; fileEncoding = 4; lastKnownFileType = sourcecode.swift; path = "String+Bool.swift"; sourceTree = "<group>"; };
		4F401D5C1D4FDEB200635945 /* NSManagedObject_SkopelosTests.swift */ = {isa = PBXFileReference; fileEncoding = 4; lastKnownFileType = sourcecode.swift; path = NSManagedObject_SkopelosTests.swift; sourceTree = "<group>"; };
/* End PBXFileReference section */

/* Begin PBXFrameworksBuildPhase section */
		4F25DF5D1D4A7C8B00E5446E /* Frameworks */ = {
			isa = PBXFrameworksBuildPhase;
			buildActionMask = 2147483647;
			files = (
			);
			runOnlyForDeploymentPostprocessing = 0;
		};
		4F25DF711D4A7C8B00E5446E /* Frameworks */ = {
			isa = PBXFrameworksBuildPhase;
			buildActionMask = 2147483647;
			files = (
			);
			runOnlyForDeploymentPostprocessing = 0;
		};
/* End PBXFrameworksBuildPhase section */

/* Begin PBXGroup section */
		4F25DF571D4A7C8B00E5446E = {
			isa = PBXGroup;
			children = (
				4F116E1B1D5A7C450028FA94 /* Skopelos.podspec */,
				4F401D3C1D4E811000635945 /* README.md */,
				4F25DF621D4A7C8B00E5446E /* Skopelos */,
				4F25DF771D4A7C8B00E5446E /* SkopelosTests */,
				4F25DF611D4A7C8B00E5446E /* Products */,
			);
			sourceTree = "<group>";
		};
		4F25DF611D4A7C8B00E5446E /* Products */ = {
			isa = PBXGroup;
			children = (
				4F25DF601D4A7C8B00E5446E /* Skopelos.app */,
				4F25DF741D4A7C8B00E5446E /* SkopelosTests.xctest */,
			);
			name = Products;
			sourceTree = "<group>";
		};
		4F25DF621D4A7C8B00E5446E /* Skopelos */ = {
			isa = PBXGroup;
			children = (
				4F25DF961D4D4DD400E5446E /* SkopelosClient.swift */,
				4F401D3E1D4EA2F600635945 /* src */,
				4F25DFAC1D4D531F00E5446E /* Model */,
				4F25DF631D4A7C8B00E5446E /* AppDelegate.swift */,
				4F25DF651D4A7C8B00E5446E /* ViewController.swift */,
				4F25DF671D4A7C8B00E5446E /* Main.storyboard */,
				4F25DF6A1D4A7C8B00E5446E /* Assets.xcassets */,
				4F25DF6C1D4A7C8B00E5446E /* LaunchScreen.storyboard */,
				4F25DF6F1D4A7C8B00E5446E /* Info.plist */,
			);
			path = Skopelos;
			sourceTree = "<group>";
		};
		4F25DF771D4A7C8B00E5446E /* SkopelosTests */ = {
			isa = PBXGroup;
			children = (
				4F25DF781D4A7C8B00E5446E /* SkopelosTests.swift */,
				4F401D5C1D4FDEB200635945 /* NSManagedObject_SkopelosTests.swift */,
				4F25DF7A1D4A7C8B00E5446E /* Info.plist */,
			);
			path = SkopelosTests;
			sourceTree = "<group>";
		};
		4F25DFAC1D4D531F00E5446E /* Model */ = {
			isa = PBXGroup;
			children = (
				4F25DFB11D4D562A00E5446E /* DataModel.xcdatamodeld */,
				4F25DFA41D4D531900E5446E /* User+CoreDataProperties.swift */,
				4F25DFA51D4D531900E5446E /* User.swift */,
				4F25DFA61D4D531900E5446E /* Pet+CoreDataProperties.swift */,
				4F25DFA71D4D531900E5446E /* Pet.swift */,
			);
			name = Model;
			path = ..;
			sourceTree = "<group>";
		};
		4F401D3E1D4EA2F600635945 /* src */ = {
			isa = PBXGroup;
			children = (
				4F401D3F1D4EA2F600635945 /* Core */,
				4F401D441D4EA2F600635945 /* Extensions */,
				4F401D481D4EA2F600635945 /* Protocols */,
				4F401D4D1D4EA2F600635945 /* Skopelos.swift */,
			);
			path = src;
			sourceTree = "<group>";
		};
		4F401D3F1D4EA2F600635945 /* Core */ = {
			isa = PBXGroup;
			children = (
				4F401D401D4EA2F600635945 /* AppStateReactor.swift */,
				4F401D421D4EA2F600635945 /* CoreDataStack.swift */,
				4F401D431D4EA2F600635945 /* DALService.swift */,
			);
			path = Core;
			sourceTree = "<group>";
		};
		4F401D441D4EA2F600635945 /* Extensions */ = {
			isa = PBXGroup;
			children = (
				4F401D461D4EA2F600635945 /* NSManagedObject+Skopelos.swift */,
				4F401D471D4EA2F600635945 /* NSObject+Introspection.swift */,
				4F401D5A1D4EA4B100635945 /* String+Bool.swift */,
			);
			path = Extensions;
			sourceTree = "<group>";
		};
		4F401D481D4EA2F600635945 /* Protocols */ = {
			isa = PBXGroup;
			children = (
				4F401D4C1D4EA2F600635945 /* QueryModelProtocol.swift */,
				4F401D491D4EA2F600635945 /* CommandModelProtocol.swift */,
				4F401D4A1D4EA2F600635945 /* CoreDataStackProtocol.swift */,
				4F401D4B1D4EA2F600635945 /* DALProtocol.swift */,
			);
			path = Protocols;
			sourceTree = "<group>";
		};
/* End PBXGroup section */

/* Begin PBXNativeTarget section */
		4F25DF5F1D4A7C8B00E5446E /* Skopelos */ = {
			isa = PBXNativeTarget;
			buildConfigurationList = 4F25DF7D1D4A7C8B00E5446E /* Build configuration list for PBXNativeTarget "Skopelos" */;
			buildPhases = (
				4F25DF5C1D4A7C8B00E5446E /* Sources */,
				4F25DF5D1D4A7C8B00E5446E /* Frameworks */,
				4F25DF5E1D4A7C8B00E5446E /* Resources */,
			);
			buildRules = (
			);
			dependencies = (
			);
			name = Skopelos;
			productName = Skopelos;
			productReference = 4F25DF601D4A7C8B00E5446E /* Skopelos.app */;
			productType = "com.apple.product-type.application";
		};
		4F25DF731D4A7C8B00E5446E /* SkopelosTests */ = {
			isa = PBXNativeTarget;
			buildConfigurationList = 4F25DF801D4A7C8B00E5446E /* Build configuration list for PBXNativeTarget "SkopelosTests" */;
			buildPhases = (
				4F25DF701D4A7C8B00E5446E /* Sources */,
				4F25DF711D4A7C8B00E5446E /* Frameworks */,
				4F25DF721D4A7C8B00E5446E /* Resources */,
			);
			buildRules = (
			);
			dependencies = (
				4F25DF761D4A7C8B00E5446E /* PBXTargetDependency */,
			);
			name = SkopelosTests;
			productName = SkopelosTests;
			productReference = 4F25DF741D4A7C8B00E5446E /* SkopelosTests.xctest */;
			productType = "com.apple.product-type.bundle.unit-test";
		};
/* End PBXNativeTarget section */

/* Begin PBXProject section */
		4F25DF581D4A7C8B00E5446E /* Project object */ = {
			isa = PBXProject;
			attributes = {
				LastSwiftUpdateCheck = 0730;
				LastUpgradeCheck = 0730;
				ORGANIZATIONNAME = "Alberto De Bortoli";
				TargetAttributes = {
					4F25DF5F1D4A7C8B00E5446E = {
						CreatedOnToolsVersion = 7.3.1;
					};
					4F25DF731D4A7C8B00E5446E = {
						CreatedOnToolsVersion = 7.3.1;
						TestTargetID = 4F25DF5F1D4A7C8B00E5446E;
					};
				};
			};
			buildConfigurationList = 4F25DF5B1D4A7C8B00E5446E /* Build configuration list for PBXProject "Skopelos" */;
			compatibilityVersion = "Xcode 3.2";
			developmentRegion = English;
			hasScannedForEncodings = 0;
			knownRegions = (
				en,
				Base,
			);
			mainGroup = 4F25DF571D4A7C8B00E5446E;
			productRefGroup = 4F25DF611D4A7C8B00E5446E /* Products */;
			projectDirPath = "";
			projectRoot = "";
			targets = (
				4F25DF5F1D4A7C8B00E5446E /* Skopelos */,
				4F25DF731D4A7C8B00E5446E /* SkopelosTests */,
			);
		};
/* End PBXProject section */

/* Begin PBXResourcesBuildPhase section */
		4F25DF5E1D4A7C8B00E5446E /* Resources */ = {
			isa = PBXResourcesBuildPhase;
			buildActionMask = 2147483647;
			files = (
				4F25DF6E1D4A7C8B00E5446E /* LaunchScreen.storyboard in Resources */,
				4F25DF6B1D4A7C8B00E5446E /* Assets.xcassets in Resources */,
				4F25DF691D4A7C8B00E5446E /* Main.storyboard in Resources */,
			);
			runOnlyForDeploymentPostprocessing = 0;
		};
		4F25DF721D4A7C8B00E5446E /* Resources */ = {
			isa = PBXResourcesBuildPhase;
			buildActionMask = 2147483647;
			files = (
			);
			runOnlyForDeploymentPostprocessing = 0;
		};
/* End PBXResourcesBuildPhase section */

/* Begin PBXSourcesBuildPhase section */
		4F25DF5C1D4A7C8B00E5446E /* Sources */ = {
			isa = PBXSourcesBuildPhase;
			buildActionMask = 2147483647;
			files = (
				4F401D4E1D4EA2F600635945 /* AppStateReactor.swift in Sources */,
				4F401D531D4EA2F600635945 /* NSManagedObject+Skopelos.swift in Sources */,
				4F25DF661D4A7C8B00E5446E /* ViewController.swift in Sources */,
				4F25DFAB1D4D531900E5446E /* Pet.swift in Sources */,
				4F25DFA91D4D531900E5446E /* User.swift in Sources */,
				4F25DFA81D4D531900E5446E /* User+CoreDataProperties.swift in Sources */,
				4F401D511D4EA2F600635945 /* DALService.swift in Sources */,
				4F401D551D4EA2F600635945 /* CommandModelProtocol.swift in Sources */,
				4F401D561D4EA2F600635945 /* CoreDataStackProtocol.swift in Sources */,
				4F25DF641D4A7C8B00E5446E /* AppDelegate.swift in Sources */,
				4F401D501D4EA2F600635945 /* CoreDataStack.swift in Sources */,
				4F25DFAA1D4D531900E5446E /* Pet+CoreDataProperties.swift in Sources */,
				4F401D571D4EA2F600635945 /* DALProtocol.swift in Sources */,
				4F401D5B1D4EA4B100635945 /* String+Bool.swift in Sources */,
				4F25DFB31D4D562A00E5446E /* DataModel.xcdatamodeld in Sources */,
				4F401D581D4EA2F600635945 /* QueryModelProtocol.swift in Sources */,
				4F25DF971D4D4DD400E5446E /* SkopelosClient.swift in Sources */,
				4F401D591D4EA2F600635945 /* Skopelos.swift in Sources */,
				4F401D541D4EA2F600635945 /* NSObject+Introspection.swift in Sources */,
			);
			runOnlyForDeploymentPostprocessing = 0;
		};
		4F25DF701D4A7C8B00E5446E /* Sources */ = {
			isa = PBXSourcesBuildPhase;
			buildActionMask = 2147483647;
			files = (
				4F25DF791D4A7C8B00E5446E /* SkopelosTests.swift in Sources */,
				4F401D5D1D4FDEB200635945 /* NSManagedObject_SkopelosTests.swift in Sources */,
			);
			runOnlyForDeploymentPostprocessing = 0;
		};
/* End PBXSourcesBuildPhase section */

/* Begin PBXTargetDependency section */
		4F25DF761D4A7C8B00E5446E /* PBXTargetDependency */ = {
			isa = PBXTargetDependency;
			target = 4F25DF5F1D4A7C8B00E5446E /* Skopelos */;
			targetProxy = 4F25DF751D4A7C8B00E5446E /* PBXContainerItemProxy */;
		};
/* End PBXTargetDependency section */

/* Begin PBXVariantGroup section */
		4F25DF671D4A7C8B00E5446E /* Main.storyboard */ = {
			isa = PBXVariantGroup;
			children = (
				4F25DF681D4A7C8B00E5446E /* Base */,
			);
			name = Main.storyboard;
			sourceTree = "<group>";
		};
		4F25DF6C1D4A7C8B00E5446E /* LaunchScreen.storyboard */ = {
			isa = PBXVariantGroup;
			children = (
				4F25DF6D1D4A7C8B00E5446E /* Base */,
			);
			name = LaunchScreen.storyboard;
			sourceTree = "<group>";
		};
/* End PBXVariantGroup section */

/* Begin XCBuildConfiguration section */
		4F25DF7B1D4A7C8B00E5446E /* Debug */ = {
			isa = XCBuildConfiguration;
			buildSettings = {
				ALWAYS_SEARCH_USER_PATHS = NO;
				CLANG_ANALYZER_NONNULL = YES;
				CLANG_CXX_LANGUAGE_STANDARD = "gnu++0x";
				CLANG_CXX_LIBRARY = "libc++";
				CLANG_ENABLE_MODULES = YES;
				CLANG_ENABLE_OBJC_ARC = YES;
				CLANG_WARN_BOOL_CONVERSION = YES;
				CLANG_WARN_CONSTANT_CONVERSION = YES;
				CLANG_WARN_DIRECT_OBJC_ISA_USAGE = YES_ERROR;
				CLANG_WARN_EMPTY_BODY = YES;
				CLANG_WARN_ENUM_CONVERSION = YES;
				CLANG_WARN_INT_CONVERSION = YES;
				CLANG_WARN_OBJC_ROOT_CLASS = YES_ERROR;
				CLANG_WARN_UNREACHABLE_CODE = YES;
				CLANG_WARN__DUPLICATE_METHOD_MATCH = YES;
				"CODE_SIGN_IDENTITY[sdk=iphoneos*]" = "iPhone Developer";
				COPY_PHASE_STRIP = NO;
				DEBUG_INFORMATION_FORMAT = dwarf;
				ENABLE_STRICT_OBJC_MSGSEND = YES;
				ENABLE_TESTABILITY = YES;
				GCC_C_LANGUAGE_STANDARD = gnu99;
				GCC_DYNAMIC_NO_PIC = NO;
				GCC_NO_COMMON_BLOCKS = YES;
				GCC_OPTIMIZATION_LEVEL = 0;
				GCC_PREPROCESSOR_DEFINITIONS = (
					"DEBUG=1",
					"$(inherited)",
				);
				GCC_WARN_64_TO_32_BIT_CONVERSION = YES;
				GCC_WARN_ABOUT_RETURN_TYPE = YES_ERROR;
				GCC_WARN_UNDECLARED_SELECTOR = YES;
				GCC_WARN_UNINITIALIZED_AUTOS = YES_AGGRESSIVE;
				GCC_WARN_UNUSED_FUNCTION = YES;
				GCC_WARN_UNUSED_VARIABLE = YES;
				IPHONEOS_DEPLOYMENT_TARGET = 9.3;
				MTL_ENABLE_DEBUG_INFO = YES;
				ONLY_ACTIVE_ARCH = YES;
				SDKROOT = iphoneos;
				SWIFT_OPTIMIZATION_LEVEL = "-Onone";
				TARGETED_DEVICE_FAMILY = "1,2";
			};
			name = Debug;
		};
		4F25DF7C1D4A7C8B00E5446E /* Release */ = {
			isa = XCBuildConfiguration;
			buildSettings = {
				ALWAYS_SEARCH_USER_PATHS = NO;
				CLANG_ANALYZER_NONNULL = YES;
				CLANG_CXX_LANGUAGE_STANDARD = "gnu++0x";
				CLANG_CXX_LIBRARY = "libc++";
				CLANG_ENABLE_MODULES = YES;
				CLANG_ENABLE_OBJC_ARC = YES;
				CLANG_WARN_BOOL_CONVERSION = YES;
				CLANG_WARN_CONSTANT_CONVERSION = YES;
				CLANG_WARN_DIRECT_OBJC_ISA_USAGE = YES_ERROR;
				CLANG_WARN_EMPTY_BODY = YES;
				CLANG_WARN_ENUM_CONVERSION = YES;
				CLANG_WARN_INT_CONVERSION = YES;
				CLANG_WARN_OBJC_ROOT_CLASS = YES_ERROR;
				CLANG_WARN_UNREACHABLE_CODE = YES;
				CLANG_WARN__DUPLICATE_METHOD_MATCH = YES;
				"CODE_SIGN_IDENTITY[sdk=iphoneos*]" = "iPhone Developer";
				COPY_PHASE_STRIP = NO;
				DEBUG_INFORMATION_FORMAT = "dwarf-with-dsym";
				ENABLE_NS_ASSERTIONS = NO;
				ENABLE_STRICT_OBJC_MSGSEND = YES;
				GCC_C_LANGUAGE_STANDARD = gnu99;
				GCC_NO_COMMON_BLOCKS = YES;
				GCC_WARN_64_TO_32_BIT_CONVERSION = YES;
				GCC_WARN_ABOUT_RETURN_TYPE = YES_ERROR;
				GCC_WARN_UNDECLARED_SELECTOR = YES;
				GCC_WARN_UNINITIALIZED_AUTOS = YES_AGGRESSIVE;
				GCC_WARN_UNUSED_FUNCTION = YES;
				GCC_WARN_UNUSED_VARIABLE = YES;
				IPHONEOS_DEPLOYMENT_TARGET = 9.3;
				MTL_ENABLE_DEBUG_INFO = NO;
				SDKROOT = iphoneos;
				TARGETED_DEVICE_FAMILY = "1,2";
				VALIDATE_PRODUCT = YES;
			};
			name = Release;
		};
		4F25DF7E1D4A7C8B00E5446E /* Debug */ = {
			isa = XCBuildConfiguration;
			buildSettings = {
				ASSETCATALOG_COMPILER_APPICON_NAME = AppIcon;
				INFOPLIST_FILE = Skopelos/Info.plist;
				LD_RUNPATH_SEARCH_PATHS = "$(inherited) @executable_path/Frameworks";
				PRODUCT_BUNDLE_IDENTIFIER = com.albertodebortoli.Skopelos;
				PRODUCT_NAME = "$(TARGET_NAME)";
			};
			name = Debug;
		};
		4F25DF7F1D4A7C8B00E5446E /* Release */ = {
			isa = XCBuildConfiguration;
			buildSettings = {
				ASSETCATALOG_COMPILER_APPICON_NAME = AppIcon;
				INFOPLIST_FILE = Skopelos/Info.plist;
				LD_RUNPATH_SEARCH_PATHS = "$(inherited) @executable_path/Frameworks";
				PRODUCT_BUNDLE_IDENTIFIER = com.albertodebortoli.Skopelos;
				PRODUCT_NAME = "$(TARGET_NAME)";
			};
			name = Release;
		};
		4F25DF811D4A7C8B00E5446E /* Debug */ = {
			isa = XCBuildConfiguration;
			buildSettings = {
				BUNDLE_LOADER = "$(TEST_HOST)";
				INFOPLIST_FILE = SkopelosTests/Info.plist;
				LD_RUNPATH_SEARCH_PATHS = "$(inherited) @executable_path/Frameworks @loader_path/Frameworks";
				PRODUCT_BUNDLE_IDENTIFIER = com.albertodebortoli.SkopelosTests;
				PRODUCT_NAME = "$(TARGET_NAME)";
				TEST_HOST = "$(BUILT_PRODUCTS_DIR)/Skopelos.app/Skopelos";
			};
			name = Debug;
		};
		4F25DF821D4A7C8B00E5446E /* Release */ = {
			isa = XCBuildConfiguration;
			buildSettings = {
				BUNDLE_LOADER = "$(TEST_HOST)";
				INFOPLIST_FILE = SkopelosTests/Info.plist;
				LD_RUNPATH_SEARCH_PATHS = "$(inherited) @executable_path/Frameworks @loader_path/Frameworks";
				PRODUCT_BUNDLE_IDENTIFIER = com.albertodebortoli.SkopelosTests;
				PRODUCT_NAME = "$(TARGET_NAME)";
				TEST_HOST = "$(BUILT_PRODUCTS_DIR)/Skopelos.app/Skopelos";
			};
			name = Release;
		};
/* End XCBuildConfiguration section */

/* Begin XCConfigurationList section */
		4F25DF5B1D4A7C8B00E5446E /* Build configuration list for PBXProject "Skopelos" */ = {
			isa = XCConfigurationList;
			buildConfigurations = (
				4F25DF7B1D4A7C8B00E5446E /* Debug */,
				4F25DF7C1D4A7C8B00E5446E /* Release */,
			);
			defaultConfigurationIsVisible = 0;
			defaultConfigurationName = Release;
		};
		4F25DF7D1D4A7C8B00E5446E /* Build configuration list for PBXNativeTarget "Skopelos" */ = {
			isa = XCConfigurationList;
			buildConfigurations = (
				4F25DF7E1D4A7C8B00E5446E /* Debug */,
				4F25DF7F1D4A7C8B00E5446E /* Release */,
			);
			defaultConfigurationIsVisible = 0;
			defaultConfigurationName = Release;
		};
		4F25DF801D4A7C8B00E5446E /* Build configuration list for PBXNativeTarget "SkopelosTests" */ = {
			isa = XCConfigurationList;
			buildConfigurations = (
				4F25DF811D4A7C8B00E5446E /* Debug */,
				4F25DF821D4A7C8B00E5446E /* Release */,
			);
			defaultConfigurationIsVisible = 0;
			defaultConfigurationName = Release;
		};
/* End XCConfigurationList section */

/* Begin XCVersionGroup section */
		4F25DFB11D4D562A00E5446E /* DataModel.xcdatamodeld */ = {
			isa = XCVersionGroup;
			children = (
				4F25DFB21D4D562A00E5446E /* DataModel.xcdatamodel */,
			);
			currentVersion = 4F25DFB21D4D562A00E5446E /* DataModel.xcdatamodel */;
			name = DataModel.xcdatamodeld;
			path = Skopelos/Model/DataModel.xcdatamodeld;
			sourceTree = "<group>";
			versionGroupType = wrapper.xcdatamodel;
		};
/* End XCVersionGroup section */
	};
	rootObject = 4F25DF581D4A7C8B00E5446E /* Project object */;
}
