// !$*UTF8*$!
{
	archiveVersion = 1;
	classes = {
	};
	objectVersion = 46;
	objects = {

/* Begin PBXBuildFile section */
		4F25DF641D4A7C8B00E5446E /* AppDelegate.swift in Sources */ = {isa = PBXBuildFile; fileRef = 4F25DF631D4A7C8B00E5446E /* AppDelegate.swift */; };
		4F25DF661D4A7C8B00E5446E /* ViewController.swift in Sources */ = {isa = PBXBuildFile; fileRef = 4F25DF651D4A7C8B00E5446E /* ViewController.swift */; };
		4F25DF691D4A7C8B00E5446E /* Main.storyboard in Resources */ = {isa = PBXBuildFile; fileRef = 4F25DF671D4A7C8B00E5446E /* Main.storyboard */; };
		4F25DF6B1D4A7C8B00E5446E /* Assets.xcassets in Resources */ = {isa = PBXBuildFile; fileRef = 4F25DF6A1D4A7C8B00E5446E /* Assets.xcassets */; };
		4F25DF6E1D4A7C8B00E5446E /* LaunchScreen.storyboard in Resources */ = {isa = PBXBuildFile; fileRef = 4F25DF6C1D4A7C8B00E5446E /* LaunchScreen.storyboard */; };
		4F25DF791D4A7C8B00E5446E /* SkopelosTests.swift in Sources */ = {isa = PBXBuildFile; fileRef = 4F25DF781D4A7C8B00E5446E /* SkopelosTests.swift */; };
/* End PBXBuildFile section */

/* Begin PBXContainerItemProxy section */
		4F25DF751D4A7C8B00E5446E /* PBXContainerItemProxy */ = {
			isa = PBXContainerItemProxy;
			containerPortal = 4F25DF581D4A7C8B00E5446E /* Project object */;
			proxyType = 1;
			remoteGlobalIDString = 4F25DF5F1D4A7C8B00E5446E;
			remoteInfo = Skopelos;
		};
/* End PBXContainerItemProxy section */

/* Begin PBXFileReference section */
		4F25DF601D4A7C8B00E5446E /* Skopelos.app */ = {isa = PBXFileReference; explicitFileType = wrapper.application; includeInIndex = 0; path = Skopelos.app; sourceTree = BUILT_PRODUCTS_DIR; };
		4F25DF631D4A7C8B00E5446E /* AppDelegate.swift */ = {isa = PBXFileReference; lastKnownFileType = sourcecode.swift; path = AppDelegate.swift; sourceTree = "<group>"; };
		4F25DF651D4A7C8B00E5446E /* ViewController.swift */ = {isa = PBXFileReference; lastKnownFileType = sourcecode.swift; path = ViewController.swift; sourceTree = "<group>"; };
		4F25DF681D4A7C8B00E5446E /* Base */ = {isa = PBXFileReference; lastKnownFileType = file.storyboard; name = Base; path = Base.lproj/Main.storyboard; sourceTree = "<group>"; };
		4F25DF6A1D4A7C8B00E5446E /* Assets.xcassets */ = {isa = PBXFileReference; lastKnownFileType = folder.assetcatalog; path = Assets.xcassets; sourceTree = "<group>"; };
		4F25DF6D1D4A7C8B00E5446E /* Base */ = {isa = PBXFileReference; lastKnownFileType = file.storyboard; name = Base; path = Base.lproj/LaunchScreen.storyboard; sourceTree = "<group>"; };
		4F25DF6F1D4A7C8B00E5446E /* Info.plist */ = {isa = PBXFileReference; lastKnownFileType = text.plist.xml; path = Info.plist; sourceTree = "<group>"; };
		4F25DF741D4A7C8B00E5446E /* SkopelosTests.xctest */ = {isa = PBXFileReference; explicitFileType = wrapper.cfbundle; includeInIndex = 0; path = SkopelosTests.xctest; sourceTree = BUILT_PRODUCTS_DIR; };
		4F25DF781D4A7C8B00E5446E /* SkopelosTests.swift */ = {isa = PBXFileReference; lastKnownFileType = sourcecode.swift; path = SkopelosTests.swift; sourceTree = "<group>"; };
		4F25DF7A1D4A7C8B00E5446E /* Info.plist */ = {isa = PBXFileReference; lastKnownFileType = text.plist.xml; path = Info.plist; sourceTree = "<group>"; };
/* End PBXFileReference section */

/* Begin PBXFrameworksBuildPhase section */
		4F25DF5D1D4A7C8B00E5446E /* Frameworks */ = {
			isa = PBXFrameworksBuildPhase;
			buildActionMask = 2147483647;
			files = (
			);
			runOnlyForDeploymentPostprocessing = 0;
		};
		4F25DF711D4A7C8B00E5446E /* Frameworks */ = {
			isa = PBXFrameworksBuildPhase;
			buildActionMask = 2147483647;
			files = (
			);
			runOnlyForDeploymentPostprocessing = 0;
		};
/* End PBXFrameworksBuildPhase section */

/* Begin PBXGroup section */
		4F25DF571D4A7C8B00E5446E = {
			isa = PBXGroup;
			children = (
				4F25DF621D4A7C8B00E5446E /* Skopelos */,
				4F25DF771D4A7C8B00E5446E /* SkopelosTests */,
				4F25DF611D4A7C8B00E5446E /* Products */,
			);
			sourceTree = "<group>";
		};
		4F25DF611D4A7C8B00E5446E /* Products */ = {
			isa = PBXGroup;
			children = (
				4F25DF601D4A7C8B00E5446E /* Skopelos.app */,
				4F25DF741D4A7C8B00E5446E /* SkopelosTests.xctest */,
			);
			name = Products;
			sourceTree = "<group>";
		};
		4F25DF621D4A7C8B00E5446E /* Skopelos */ = {
			isa = PBXGroup;
			children = (
				4F25DF631D4A7C8B00E5446E /* AppDelegate.swift */,
				4F25DF651D4A7C8B00E5446E /* ViewController.swift */,
				4F25DF671D4A7C8B00E5446E /* Main.storyboard */,
				4F25DF6A1D4A7C8B00E5446E /* Assets.xcassets */,
				4F25DF6C1D4A7C8B00E5446E /* LaunchScreen.storyboard */,
				4F25DF6F1D4A7C8B00E5446E /* Info.plist */,
			);
			path = Skopelos;
			sourceTree = "<group>";
		};
		4F25DF771D4A7C8B00E5446E /* SkopelosTests */ = {
			isa = PBXGroup;
			children = (
				4F25DF781D4A7C8B00E5446E /* SkopelosTests.swift */,
				4F25DF7A1D4A7C8B00E5446E /* Info.plist */,
			);
			path = SkopelosTests;
			sourceTree = "<group>";
		};
/* End PBXGroup section */

/* Begin PBXNativeTarget section */
		4F25DF5F1D4A7C8B00E5446E /* Skopelos */ = {
			isa = PBXNativeTarget;
			buildConfigurationList = 4F25DF7D1D4A7C8B00E5446E /* Build configuration list for PBXNativeTarget "Skopelos" */;
			buildPhases = (
				4F25DF5C1D4A7C8B00E5446E /* Sources */,
				4F25DF5D1D4A7C8B00E5446E /* Frameworks */,
				4F25DF5E1D4A7C8B00E5446E /* Resources */,
			);
			buildRules = (
			);
			dependencies = (
			);
			name = Skopelos;
			productName = Skopelos;
			productReference = 4F25DF601D4A7C8B00E5446E /* Skopelos.app */;
			productType = "com.apple.product-type.application";
		};
		4F25DF731D4A7C8B00E5446E /* SkopelosTests */ = {
			isa = PBXNativeTarget;
			buildConfigurationList = 4F25DF801D4A7C8B00E5446E /* Build configuration list for PBXNativeTarget "SkopelosTests" */;
			buildPhases = (
				4F25DF701D4A7C8B00E5446E /* Sources */,
				4F25DF711D4A7C8B00E5446E /* Frameworks */,
				4F25DF721D4A7C8B00E5446E /* Resources */,
			);
			buildRules = (
			);
			dependencies = (
				4F25DF761D4A7C8B00E5446E /* PBXTargetDependency */,
			);
			name = SkopelosTests;
			productName = SkopelosTests;
			productReference = 4F25DF741D4A7C8B00E5446E /* SkopelosTests.xctest */;
			productType = "com.apple.product-type.bundle.unit-test";
		};
/* End PBXNativeTarget section */

/* Begin PBXProject section */
		4F25DF581D4A7C8B00E5446E /* Project object */ = {
			isa = PBXProject;
			attributes = {
				LastSwiftUpdateCheck = 0730;
				LastUpgradeCheck = 0730;
				ORGANIZATIONNAME = "Alberto De Bortoli";
				TargetAttributes = {
					4F25DF5F1D4A7C8B00E5446E = {
						CreatedOnToolsVersion = 7.3.1;
					};
					4F25DF731D4A7C8B00E5446E = {
						CreatedOnToolsVersion = 7.3.1;
						TestTargetID = 4F25DF5F1D4A7C8B00E5446E;
					};
				};
			};
			buildConfigurationList = 4F25DF5B1D4A7C8B00E5446E /* Build configuration list for PBXProject "Skopelos" */;
			compatibilityVersion = "Xcode 3.2";
			developmentRegion = English;
			hasScannedForEncodings = 0;
			knownRegions = (
				en,
				Base,
			);
			mainGroup = 4F25DF571D4A7C8B00E5446E;
			productRefGroup = 4F25DF611D4A7C8B00E5446E /* Products */;
			projectDirPath = "";
			projectRoot = "";
			targets = (
				4F25DF5F1D4A7C8B00E5446E /* Skopelos */,
				4F25DF731D4A7C8B00E5446E /* SkopelosTests */,
			);
		};
/* End PBXProject section */

/* Begin PBXResourcesBuildPhase section */
		4F25DF5E1D4A7C8B00E5446E /* Resources */ = {
			isa = PBXResourcesBuildPhase;
			buildActionMask = 2147483647;
			files = (
				4F25DF6E1D4A7C8B00E5446E /* LaunchScreen.storyboard in Resources */,
				4F25DF6B1D4A7C8B00E5446E /* Assets.xcassets in Resources */,
				4F25DF691D4A7C8B00E5446E /* Main.storyboard in Resources */,
			);
			runOnlyForDeploymentPostprocessing = 0;
		};
		4F25DF721D4A7C8B00E5446E /* Resources */ = {
			isa = PBXResourcesBuildPhase;
			buildActionMask = 2147483647;
			files = (
			);
			runOnlyForDeploymentPostprocessing = 0;
		};
/* End PBXResourcesBuildPhase section */

/* Begin PBXSourcesBuildPhase section */
		4F25DF5C1D4A7C8B00E5446E /* Sources */ = {
			isa = PBXSourcesBuildPhase;
			buildActionMask = 2147483647;
			files = (
				4F25DF661D4A7C8B00E5446E /* ViewController.swift in Sources */,
				4F25DF641D4A7C8B00E5446E /* AppDelegate.swift in Sources */,
			);
			runOnlyForDeploymentPostprocessing = 0;
		};
		4F25DF701D4A7C8B00E5446E /* Sources */ = {
			isa = PBXSourcesBuildPhase;
			buildActionMask = 2147483647;
			files = (
				4F25DF791D4A7C8B00E5446E /* SkopelosTests.swift in Sources */,
			);
			runOnlyForDeploymentPostprocessing = 0;
		};
/* End PBXSourcesBuildPhase section */

/* Begin PBXTargetDependency section */
		4F25DF761D4A7C8B00E5446E /* PBXTargetDependency */ = {
			isa = PBXTargetDependency;
			target = 4F25DF5F1D4A7C8B00E5446E /* Skopelos */;
			targetProxy = 4F25DF751D4A7C8B00E5446E /* PBXContainerItemProxy */;
		};
/* End PBXTargetDependency section */

/* Begin PBXVariantGroup section */
		4F25DF671D4A7C8B00E5446E /* Main.storyboard */ = {
			isa = PBXVariantGroup;
			children = (
				4F25DF681D4A7C8B00E5446E /* Base */,
			);
			name = Main.storyboard;
			sourceTree = "<group>";
		};
		4F25DF6C1D4A7C8B00E5446E /* LaunchScreen.storyboard */ = {
			isa = PBXVariantGroup;
			children = (
				4F25DF6D1D4A7C8B00E5446E /* Base */,
			);
			name = LaunchScreen.storyboard;
			sourceTree = "<group>";
		};
/* End PBXVariantGroup section */

/* Begin XCBuildConfiguration section */
		4F25DF7B1D4A7C8B00E5446E /* Debug */ = {
			isa = XCBuildConfiguration;
			buildSettings = {
				ALWAYS_SEARCH_USER_PATHS = NO;
				CLANG_ANALYZER_NONNULL = YES;
				CLANG_CXX_LANGUAGE_STANDARD = "gnu++0x";
				CLANG_CXX_LIBRARY = "libc++";
				CLANG_ENABLE_MODULES = YES;
				CLANG_ENABLE_OBJC_ARC = YES;
				CLANG_WARN_BOOL_CONVERSION = YES;
				CLANG_WARN_CONSTANT_CONVERSION = YES;
				CLANG_WARN_DIRECT_OBJC_ISA_USAGE = YES_ERROR;
				CLANG_WARN_EMPTY_BODY = YES;
				CLANG_WARN_ENUM_CONVERSION = YES;
				CLANG_WARN_INT_CONVERSION = YES;
				CLANG_WARN_OBJC_ROOT_CLASS = YES_ERROR;
				CLANG_WARN_UNREACHABLE_CODE = YES;
				CLANG_WARN__DUPLICATE_METHOD_MATCH = YES;
				"CODE_SIGN_IDENTITY[sdk=iphoneos*]" = "iPhone Developer";
				COPY_PHASE_STRIP = NO;
				DEBUG_INFORMATION_FORMAT = dwarf;
				ENABLE_STRICT_OBJC_MSGSEND = YES;
				ENABLE_TESTABILITY = YES;
				GCC_C_LANGUAGE_STANDARD = gnu99;
				GCC_DYNAMIC_NO_PIC = NO;
				GCC_NO_COMMON_BLOCKS = YES;
				GCC_OPTIMIZATION_LEVEL = 0;
				GCC_PREPROCESSOR_DEFINITIONS = (
					"DEBUG=1",
					"$(inherited)",
				);
				GCC_WARN_64_TO_32_BIT_CONVERSION = YES;
				GCC_WARN_ABOUT_RETURN_TYPE = YES_ERROR;
				GCC_WARN_UNDECLARED_SELECTOR = YES;
				GCC_WARN_UNINITIALIZED_AUTOS = YES_AGGRESSIVE;
				GCC_WARN_UNUSED_FUNCTION = YES;
				GCC_WARN_UNUSED_VARIABLE = YES;
				IPHONEOS_DEPLOYMENT_TARGET = 9.3;
				MTL_ENABLE_DEBUG_INFO = YES;
				ONLY_ACTIVE_ARCH = YES;
				SDKROOT = iphoneos;
				SWIFT_OPTIMIZATION_LEVEL = "-Onone";
				TARGETED_DEVICE_FAMILY = "1,2";
			};
			name = Debug;
		};
		4F25DF7C1D4A7C8B00E5446E /* Release */ = {
			isa = XCBuildConfiguration;
			buildSettings = {
				ALWAYS_SEARCH_USER_PATHS = NO;
				CLANG_ANALYZER_NONNULL = YES;
				CLANG_CXX_LANGUAGE_STANDARD = "gnu++0x";
				CLANG_CXX_LIBRARY = "libc++";
				CLANG_ENABLE_MODULES = YES;
				CLANG_ENABLE_OBJC_ARC = YES;
				CLANG_WARN_BOOL_CONVERSION = YES;
				CLANG_WARN_CONSTANT_CONVERSION = YES;
				CLANG_WARN_DIRECT_OBJC_ISA_USAGE = YES_ERROR;
				CLANG_WARN_EMPTY_BODY = YES;
				CLANG_WARN_ENUM_CONVERSION = YES;
				CLANG_WARN_INT_CONVERSION = YES;
				CLANG_WARN_OBJC_ROOT_CLASS = YES_ERROR;
				CLANG_WARN_UNREACHABLE_CODE = YES;
				CLANG_WARN__DUPLICATE_METHOD_MATCH = YES;
				"CODE_SIGN_IDENTITY[sdk=iphoneos*]" = "iPhone Developer";
				COPY_PHASE_STRIP = NO;
				DEBUG_INFORMATION_FORMAT = "dwarf-with-dsym";
				ENABLE_NS_ASSERTIONS = NO;
				ENABLE_STRICT_OBJC_MSGSEND = YES;
				GCC_C_LANGUAGE_STANDARD = gnu99;
				GCC_NO_COMMON_BLOCKS = YES;
				GCC_WARN_64_TO_32_BIT_CONVERSION = YES;
				GCC_WARN_ABOUT_RETURN_TYPE = YES_ERROR;
				GCC_WARN_UNDECLARED_SELECTOR = YES;
				GCC_WARN_UNINITIALIZED_AUTOS = YES_AGGRESSIVE;
				GCC_WARN_UNUSED_FUNCTION = YES;
				GCC_WARN_UNUSED_VARIABLE = YES;
				IPHONEOS_DEPLOYMENT_TARGET = 9.3;
				MTL_ENABLE_DEBUG_INFO = NO;
				SDKROOT = iphoneos;
				TARGETED_DEVICE_FAMILY = "1,2";
				VALIDATE_PRODUCT = YES;
			};
			name = Release;
		};
		4F25DF7E1D4A7C8B00E5446E /* Debug */ = {
			isa = XCBuildConfiguration;
			buildSettings = {
				ASSETCATALOG_COMPILER_APPICON_NAME = AppIcon;
				INFOPLIST_FILE = Skopelos/Info.plist;
				LD_RUNPATH_SEARCH_PATHS = "$(inherited) @executable_path/Frameworks";
				PRODUCT_BUNDLE_IDENTIFIER = com.albertodebortoli.Skopelos;
				PRODUCT_NAME = "$(TARGET_NAME)";
			};
			name = Debug;
		};
		4F25DF7F1D4A7C8B00E5446E /* Release */ = {
			isa = XCBuildConfiguration;
			buildSettings = {
				ASSETCATALOG_COMPILER_APPICON_NAME = AppIcon;
				INFOPLIST_FILE = Skopelos/Info.plist;
				LD_RUNPATH_SEARCH_PATHS = "$(inherited) @executable_path/Frameworks";
				PRODUCT_BUNDLE_IDENTIFIER = com.albertodebortoli.Skopelos;
				PRODUCT_NAME = "$(TARGET_NAME)";
			};
			name = Release;
		};
		4F25DF811D4A7C8B00E5446E /* Debug */ = {
			isa = XCBuildConfiguration;
			buildSettings = {
				BUNDLE_LOADER = "$(TEST_HOST)";
				INFOPLIST_FILE = SkopelosTests/Info.plist;
				LD_RUNPATH_SEARCH_PATHS = "$(inherited) @executable_path/Frameworks @loader_path/Frameworks";
				PRODUCT_BUNDLE_IDENTIFIER = com.albertodebortoli.SkopelosTests;
				PRODUCT_NAME = "$(TARGET_NAME)";
				TEST_HOST = "$(BUILT_PRODUCTS_DIR)/Skopelos.app/Skopelos";
			};
			name = Debug;
		};
		4F25DF821D4A7C8B00E5446E /* Release */ = {
			isa = XCBuildConfiguration;
			buildSettings = {
				BUNDLE_LOADER = "$(TEST_HOST)";
				INFOPLIST_FILE = SkopelosTests/Info.plist;
				LD_RUNPATH_SEARCH_PATHS = "$(inherited) @executable_path/Frameworks @loader_path/Frameworks";
				PRODUCT_BUNDLE_IDENTIFIER = com.albertodebortoli.SkopelosTests;
				PRODUCT_NAME = "$(TARGET_NAME)";
				TEST_HOST = "$(BUILT_PRODUCTS_DIR)/Skopelos.app/Skopelos";
			};
			name = Release;
		};
/* End XCBuildConfiguration section */

/* Begin XCConfigurationList section */
		4F25DF5B1D4A7C8B00E5446E /* Build configuration list for PBXProject "Skopelos" */ = {
			isa = XCConfigurationList;
			buildConfigurations = (
				4F25DF7B1D4A7C8B00E5446E /* Debug */,
				4F25DF7C1D4A7C8B00E5446E /* Release */,
			);
			defaultConfigurationIsVisible = 0;
			defaultConfigurationName = Release;
		};
		4F25DF7D1D4A7C8B00E5446E /* Build configuration list for PBXNativeTarget "Skopelos" */ = {
			isa = XCConfigurationList;
			buildConfigurations = (
				4F25DF7E1D4A7C8B00E5446E /* Debug */,
				4F25DF7F1D4A7C8B00E5446E /* Release */,
			);
			defaultConfigurationIsVisible = 0;
		};
		4F25DF801D4A7C8B00E5446E /* Build configuration list for PBXNativeTarget "SkopelosTests" */ = {
			isa = XCConfigurationList;
			buildConfigurations = (
				4F25DF811D4A7C8B00E5446E /* Debug */,
				4F25DF821D4A7C8B00E5446E /* Release */,
			);
			defaultConfigurationIsVisible = 0;
		};
/* End XCConfigurationList section */
	};
	rootObject = 4F25DF581D4A7C8B00E5446E /* Project object */;
}
